
Microsoft Visual Studio Solution File, Format Version 12.00
# Visual Studio Version 16
VisualStudioVersion = 16.0.29709.97
MinimumVisualStudioVersion = 10.0.40219.1
Project("{FAE04EC0-301F-11D3-BF4B-00C04F79EFBC}") = "Test for Github2 electric boogaloo", "Test for Github2 electric boogaloo\Test for Github2 electric boogaloo.csproj", "{6FA1E436-D53B-4290-8D9E-99E6B4DCFEE3}"
EndProject
Global
	GlobalSection(SolutionConfigurationPlatforms) = preSolution
		Debug|Any CPU = Debug|Any CPU
		Release|Any CPU = Release|Any CPU
	EndGlobalSection
	GlobalSection(ProjectConfigurationPlatforms) = postSolution
		{6FA1E436-D53B-4290-8D9E-99E6B4DCFEE3}.Debug|Any CPU.ActiveCfg = Debug|Any CPU
		{6FA1E436-D53B-4290-8D9E-99E6B4DCFEE3}.Debug|Any CPU.Build.0 = Debug|Any CPU
		{6FA1E436-D53B-4290-8D9E-99E6B4DCFEE3}.Release|Any CPU.ActiveCfg = Release|Any CPU
		{6FA1E436-D53B-4290-8D9E-99E6B4DCFEE3}.Release|Any CPU.Build.0 = Release|Any CPU
	EndGlobalSection
	GlobalSection(SolutionProperties) = preSolution
		HideSolutionNode = FALSE
	EndGlobalSection
	GlobalSection(ExtensibilityGlobals) = postSolution
		SolutionGuid = {DD2AE195-9AC5-47D3-AE15-7DC0A84594EB}
	EndGlobalSection
EndGlobal
